
Microsoft Visual Studio Solution File, Format Version 12.00
# Visual Studio Version 16
VisualStudioVersion = 16.0.30503.244
MinimumVisualStudioVersion = 10.0.40219.1
Project("{FAE04EC0-301F-11D3-BF4B-00C04F79EFBC}") = "CensusAnalyserLive", "CensusAnalyser\CensusAnalyserLive.csproj", "{907F6AE1-9D75-4427-B706-93DD65059455}"
EndProject
Project("{FAE04EC0-301F-11D3-BF4B-00C04F79EFBC}") = "CensusAnalyserTestLive", "CensusAnalyserTestLive\CensusAnalyserTestLive.csproj", "{2CB3C2C4-33B6-4705-90B2-0653D3393802}"
EndProject
Global
	GlobalSection(SolutionConfigurationPlatforms) = preSolution
		Debug|Any CPU = Debug|Any CPU
		Release|Any CPU = Release|Any CPU
	EndGlobalSection
	GlobalSection(ProjectConfigurationPlatforms) = postSolution
		{907F6AE1-9D75-4427-B706-93DD65059455}.Debug|Any CPU.ActiveCfg = Debug|Any CPU
		{907F6AE1-9D75-4427-B706-93DD65059455}.Debug|Any CPU.Build.0 = Debug|Any CPU
		{907F6AE1-9D75-4427-B706-93DD65059455}.Release|Any CPU.ActiveCfg = Release|Any CPU
		{907F6AE1-9D75-4427-B706-93DD65059455}.Release|Any CPU.Build.0 = Release|Any CPU
		{2CB3C2C4-33B6-4705-90B2-0653D3393802}.Debug|Any CPU.ActiveCfg = Debug|Any CPU
		{2CB3C2C4-33B6-4705-90B2-0653D3393802}.Debug|Any CPU.Build.0 = Debug|Any CPU
		{2CB3C2C4-33B6-4705-90B2-0653D3393802}.Release|Any CPU.ActiveCfg = Release|Any CPU
		{2CB3C2C4-33B6-4705-90B2-0653D3393802}.Release|Any CPU.Build.0 = Release|Any CPU
	EndGlobalSection
	GlobalSection(SolutionProperties) = preSolution
		HideSolutionNode = FALSE
	EndGlobalSection
	GlobalSection(ExtensibilityGlobals) = postSolution
		SolutionGuid = {D30E5B2F-2215-446B-9E45-43AAE0D5DA11}
	EndGlobalSection
EndGlobal
